# THIS IS AN AUTOGENERATED FILE. DO NOT EDIT THIS FILE DIRECTLY.
# yarn lockfile v1


"@hookform/resolvers@^3.1.1":
  version "3.1.1"
  resolved "https://registry.yarnpkg.com/@hookform/resolvers/-/resolvers-3.1.1.tgz#b374d33e356428fff9c6ef3c933441fe15e40784"
  integrity sha512-tS16bAUkqjITNSvbJuO1x7MXbn7Oe8ZziDTJdA9mMvsoYthnOOiznOTGBYwbdlYBgU+tgpI/BtTU3paRbCuSlg==

react-hook-form@^7.45.0-next.1:
  version "7.45.0-next.1"
  resolved "https://registry.yarnpkg.com/react-hook-form/-/react-hook-form-7.45.0-next.1.tgz#ec9ca4ade908e80d8a8430707d4ce12af0f55ad6"
  integrity sha512-ksvvJm6c+rBl6XbXGj4GJhL073DRkIsDv0fvunaueeIC2ydp9YKozt8ofNEPimQ9XU3HOI+wuQBkXtYmVJCEpQ==
